
Microsoft Visual Studio Solution File, Format Version 12.00
# Visual Studio Version 17
VisualStudioVersion = 17.14.36518.9 d17.14
MinimumVisualStudioVersion = 10.0.40219.1
Project("{8BC9CEB8-8B4A-11D0-8D11-00A0C91BC942}") = "JobChange", "JobChange\JobChange.vcxproj", "{EA93A289-9971-4779-94C9-D952E81FAB93}"
EndProject
Global
	GlobalSection(SolutionConfigurationPlatforms) = preSolution
		Debug|x64 = Debug|x64
		Debug|x86 = Debug|x86
		Release|x64 = Release|x64
		Release|x86 = Release|x86
	EndGlobalSection
	GlobalSection(ProjectConfigurationPlatforms) = postSolution
		{EA93A289-9971-4779-94C9-D952E81FAB93}.Debug|x64.ActiveCfg = Debug|x64
		{EA93A289-9971-4779-94C9-D952E81FAB93}.Debug|x64.Build.0 = Debug|x64
		{EA93A289-9971-4779-94C9-D952E81FAB93}.Debug|x86.ActiveCfg = Debug|Win32
		{EA93A289-9971-4779-94C9-D952E81FAB93}.Debug|x86.Build.0 = Debug|Win32
		{EA93A289-9971-4779-94C9-D952E81FAB93}.Release|x64.ActiveCfg = Release|x64
		{EA93A289-9971-4779-94C9-D952E81FAB93}.Release|x64.Build.0 = Release|x64
		{EA93A289-9971-4779-94C9-D952E81FAB93}.Release|x86.ActiveCfg = Release|Win32
		{EA93A289-9971-4779-94C9-D952E81FAB93}.Release|x86.Build.0 = Release|Win32
	EndGlobalSection
	GlobalSection(SolutionProperties) = preSolution
		HideSolutionNode = FALSE
	EndGlobalSection
	GlobalSection(ExtensibilityGlobals) = postSolution
		SolutionGuid = {BAE1662C-AB1D-4714-8160-2BB1C447EEE4}
	EndGlobalSection
EndGlobal
